
Microsoft Visual Studio Solution File, Format Version 12.00
# Visual Studio Version 16
VisualStudioVersion = 16.0.30611.23
MinimumVisualStudioVersion = 10.0.40219.1
Project("{8BC9CEB8-8B4A-11D0-8D11-00A0C91BC942}") = "SchoolSystem", "SchoolSystem\SchoolSystem.vcxproj", "{DF25FABA-63E8-449A-A119-B10076919C89}"
EndProject
Project("{8BC9CEB8-8B4A-11D0-8D11-00A0C91BC942}") = "MysqlDll", "MysqlDll\MysqlDll.vcxproj", "{FCEB64EF-4919-44B3-8A56-30E929D4BE9F}"
EndProject
Project("{8BC9CEB8-8B4A-11D0-8D11-00A0C91BC942}") = "TcpSocketDll", "TcpSocketDll\TcpSocketDll.vcxproj", "{A078B4AB-0119-46B4-97D2-10AB8EE2784D}"
EndProject
Project("{8BC9CEB8-8B4A-11D0-8D11-00A0C91BC942}") = "SchoolSystemServer", "SchoolSystemServer\SchoolSystemServer.vcxproj", "{5C23F5BC-359B-4D07-8596-30ED498DAAA9}"
EndProject
Global
	GlobalSection(SolutionConfigurationPlatforms) = preSolution
		Debug|x64 = Debug|x64
		Debug|x86 = Debug|x86
		Release|x64 = Release|x64
		Release|x86 = Release|x86
	EndGlobalSection
	GlobalSection(ProjectConfigurationPlatforms) = postSolution
		{DF25FABA-63E8-449A-A119-B10076919C89}.Debug|x64.ActiveCfg = Debug|x64
		{DF25FABA-63E8-449A-A119-B10076919C89}.Debug|x64.Build.0 = Debug|x64
		{DF25FABA-63E8-449A-A119-B10076919C89}.Debug|x86.ActiveCfg = Debug|Win32
		{DF25FABA-63E8-449A-A119-B10076919C89}.Debug|x86.Build.0 = Debug|Win32
		{DF25FABA-63E8-449A-A119-B10076919C89}.Release|x64.ActiveCfg = Release|x64
		{DF25FABA-63E8-449A-A119-B10076919C89}.Release|x64.Build.0 = Release|x64
		{DF25FABA-63E8-449A-A119-B10076919C89}.Release|x86.ActiveCfg = Release|Win32
		{DF25FABA-63E8-449A-A119-B10076919C89}.Release|x86.Build.0 = Release|Win32
		{FCEB64EF-4919-44B3-8A56-30E929D4BE9F}.Debug|x64.ActiveCfg = Debug|x64
		{FCEB64EF-4919-44B3-8A56-30E929D4BE9F}.Debug|x64.Build.0 = Debug|x64
		{FCEB64EF-4919-44B3-8A56-30E929D4BE9F}.Debug|x86.ActiveCfg = Debug|Win32
		{FCEB64EF-4919-44B3-8A56-30E929D4BE9F}.Debug|x86.Build.0 = Debug|Win32
		{FCEB64EF-4919-44B3-8A56-30E929D4BE9F}.Release|x64.ActiveCfg = Release|x64
		{FCEB64EF-4919-44B3-8A56-30E929D4BE9F}.Release|x64.Build.0 = Release|x64
		{FCEB64EF-4919-44B3-8A56-30E929D4BE9F}.Release|x86.ActiveCfg = Release|Win32
		{FCEB64EF-4919-44B3-8A56-30E929D4BE9F}.Release|x86.Build.0 = Release|Win32
		{A078B4AB-0119-46B4-97D2-10AB8EE2784D}.Debug|x64.ActiveCfg = Debug|x64
		{A078B4AB-0119-46B4-97D2-10AB8EE2784D}.Debug|x64.Build.0 = Debug|x64
		{A078B4AB-0119-46B4-97D2-10AB8EE2784D}.Debug|x86.ActiveCfg = Debug|Win32
		{A078B4AB-0119-46B4-97D2-10AB8EE2784D}.Debug|x86.Build.0 = Debug|Win32
		{A078B4AB-0119-46B4-97D2-10AB8EE2784D}.Release|x64.ActiveCfg = Release|x64
		{A078B4AB-0119-46B4-97D2-10AB8EE2784D}.Release|x64.Build.0 = Release|x64
		{A078B4AB-0119-46B4-97D2-10AB8EE2784D}.Release|x86.ActiveCfg = Release|Win32
		{A078B4AB-0119-46B4-97D2-10AB8EE2784D}.Release|x86.Build.0 = Release|Win32
		{5C23F5BC-359B-4D07-8596-30ED498DAAA9}.Debug|x64.ActiveCfg = Debug|x64
		{5C23F5BC-359B-4D07-8596-30ED498DAAA9}.Debug|x64.Build.0 = Debug|x64
		{5C23F5BC-359B-4D07-8596-30ED498DAAA9}.Debug|x86.ActiveCfg = Debug|Win32
		{5C23F5BC-359B-4D07-8596-30ED498DAAA9}.Debug|x86.Build.0 = Debug|Win32
		{5C23F5BC-359B-4D07-8596-30ED498DAAA9}.Release|x64.ActiveCfg = Release|x64
		{5C23F5BC-359B-4D07-8596-30ED498DAAA9}.Release|x64.Build.0 = Release|x64
		{5C23F5BC-359B-4D07-8596-30ED498DAAA9}.Release|x86.ActiveCfg = Release|Win32
		{5C23F5BC-359B-4D07-8596-30ED498DAAA9}.Release|x86.Build.0 = Release|Win32
	EndGlobalSection
	GlobalSection(SolutionProperties) = preSolution
		HideSolutionNode = FALSE
	EndGlobalSection
	GlobalSection(ExtensibilityGlobals) = postSolution
		SolutionGuid = {7999D952-436F-4824-BC35-11BBC4F470F8}
	EndGlobalSection
EndGlobal
